{
  "version": 4,
  "terraform_version": "1.3.6",
  "serial": 85,
  "lineage": "6196cc12-29f7-7318-dee2-144a0717ff22",
  "outputs": {},
  "resources": [
    {
      "mode": "managed",
      "type": "google_compute_firewall",
      "name": "allow_nomad",
      "provider": "provider[\"registry.terraform.io/hashicorp/google\"]",
      "instances": [
        {
          "schema_version": 1,
          "attributes": {
            "allow": [
              {
                "ports": [
                  "4646",
                  "4647",
                  "4648",
                  "22"
                ],
                "protocol": "tcp"
              }
            ],
            "creation_timestamp": "2025-05-21T07:55:09.109-07:00",
            "deny": [],
            "description": "",
            "destination_ranges": [],
            "direction": "INGRESS",
            "disabled": false,
            "enable_logging": null,
            "id": "projects/k1m0ch1/global/firewalls/allow-nomad-internal",
            "log_config": [],
            "name": "allow-nomad-internal",
            "network": "https://www.googleapis.com/compute/v1/projects/k1m0ch1/global/networks/basic-nomad-network",
            "priority": 1000,
            "project": "k1m0ch1",
            "self_link": "https://www.googleapis.com/compute/v1/projects/k1m0ch1/global/firewalls/allow-nomad-internal",
            "source_ranges": [
              "10.10.1.0/24",
              "10.10.2.0/24",
              "10.10.3.0/24"
            ],
            "source_service_accounts": [],
            "source_tags": [],
            "target_service_accounts": [],
            "target_tags": [
              "nomad"
            ],
            "timeouts": null
          },
          "sensitive_attributes": [],
          "private": "eyJlMmJmYjczMC1lY2FhLTExZTYtOGY4OC0zNDM2M2JjN2M0YzAiOnsiY3JlYXRlIjoxMjAwMDAwMDAwMDAwLCJkZWxldGUiOjEyMDAwMDAwMDAwMDAsInVwZGF0ZSI6MTIwMDAwMDAwMDAwMH0sInNjaGVtYV92ZXJzaW9uIjoiMSJ9",
          "dependencies": [
            "google_compute_network.nomad_net"
          ]
        }
      ]
    },
    {
      "mode": "managed",
      "type": "google_compute_firewall",
      "name": "allow_ssh_external",
      "provider": "provider[\"registry.terraform.io/hashicorp/google\"]",
      "instances": [
        {
          "schema_version": 1,
          "attributes": {
            "allow": [
              {
                "ports": [
                  "22",
                  "51820"
                ],
                "protocol": "tcp"
              }
            ],
            "creation_timestamp": "2025-05-21T07:55:09.124-07:00",
            "deny": [],
            "description": "",
            "destination_ranges": [],
            "direction": "INGRESS",
            "disabled": false,
            "enable_logging": null,
            "id": "projects/k1m0ch1/global/firewalls/allow-ssh-to-vpn",
            "log_config": [],
            "name": "allow-ssh-to-vpn",
            "network": "https://www.googleapis.com/compute/v1/projects/k1m0ch1/global/networks/basic-nomad-network",
            "priority": 1000,
            "project": "k1m0ch1",
            "self_link": "https://www.googleapis.com/compute/v1/projects/k1m0ch1/global/firewalls/allow-ssh-to-vpn",
            "source_ranges": [
              "0.0.0.0/0"
            ],
            "source_service_accounts": [],
            "source_tags": [],
            "target_service_accounts": [],
            "target_tags": [
              "vpn"
            ],
            "timeouts": null
          },
          "sensitive_attributes": [],
          "private": "eyJlMmJmYjczMC1lY2FhLTExZTYtOGY4OC0zNDM2M2JjN2M0YzAiOnsiY3JlYXRlIjoxMjAwMDAwMDAwMDAwLCJkZWxldGUiOjEyMDAwMDAwMDAwMDAsInVwZGF0ZSI6MTIwMDAwMDAwMDAwMH0sInNjaGVtYV92ZXJzaW9uIjoiMSJ9",
          "dependencies": [
            "google_compute_network.nomad_net"
          ]
        }
      ]
    },
    {
      "mode": "managed",
      "type": "google_compute_instance",
      "name": "nomad_client_southeastfirst",
      "provider": "provider[\"registry.terraform.io/hashicorp/google\"]",
      "instances": [
        {
          "index_key": 0,
          "schema_version": 6,
          "attributes": {
            "advanced_machine_features": [],
            "allow_stopping_for_update": null,
            "attached_disk": [],
            "boot_disk": [
              {
                "auto_delete": true,
                "device_name": "persistent-disk-0",
                "disk_encryption_key_raw": "",
                "disk_encryption_key_rsa": "",
                "disk_encryption_key_sha256": "",
                "disk_encryption_service_account": "",
                "force_attach": false,
                "guest_os_features": [
                  "VIRTIO_SCSI_MULTIQUEUE",
                  "SEV_CAPABLE",
                  "SEV_SNP_CAPABLE",
                  "SEV_LIVE_MIGRATABLE",
                  "SEV_LIVE_MIGRATABLE_V2",
                  "IDPF",
                  "TDX_CAPABLE",
                  "UEFI_COMPATIBLE",
                  "GVNIC"
                ],
                "initialize_params": [
                  {
                    "architecture": "X86_64",
                    "enable_confidential_compute": false,
                    "image": "https://www.googleapis.com/compute/v1/projects/ubuntu-os-cloud/global/images/ubuntu-2204-jammy-v20250508",
                    "labels": {},
                    "provisioned_iops": 0,
                    "provisioned_throughput": 0,
                    "resource_manager_tags": {},
                    "resource_policies": [],
                    "size": 10,
                    "snapshot": "",
                    "source_image_encryption_key": [],
                    "source_snapshot_encryption_key": [],
                    "storage_pool": "",
                    "type": "pd-standard"
                  }
                ],
                "interface": "",
                "kms_key_self_link": "",
                "mode": "READ_WRITE",
                "source": "https://www.googleapis.com/compute/v1/projects/k1m0ch1/zones/asia-southeast1-a/disks/nomad-client-southeastfirst-1"
              }
            ],
            "can_ip_forward": false,
            "confidential_instance_config": [],
            "cpu_platform": "Intel Broadwell",
            "creation_timestamp": "2025-05-21T07:55:33.416-07:00",
            "current_status": "RUNNING",
            "deletion_protection": false,
            "description": "",
            "desired_status": null,
            "effective_labels": {
              "goog-terraform-provisioned": "true"
            },
            "enable_display": false,
            "guest_accelerator": [],
            "hostname": "",
            "id": "projects/k1m0ch1/zones/asia-southeast1-a/instances/nomad-client-southeastfirst-1",
            "instance_encryption_key": [],
            "instance_id": "6377994921151846282",
            "key_revocation_action_type": "",
            "label_fingerprint": "vezUS-42LLM=",
            "labels": {},
            "machine_type": "e2-standard-2",
            "metadata": {},
            "metadata_fingerprint": "BGM7BoV6XwA=",
            "metadata_startup_script": "#!/bin/bash\n\n# Update \u0026 install dependencies\napt-get update -y\napt-get install -y unzip curl gnupg docker.io\n\n# Install Nomad\ncurl -fsSL https://apt.releases.hashicorp.com/gpg | gpg --dearmor -o /usr/share/keyrings/hashicorp.gpg\necho \"deb [signed-by=/usr/share/keyrings/hashicorp.gpg] https://apt.releases.hashicorp.com $(lsb_release -cs) main\" \\\n    \u003e /etc/apt/sources.list.d/hashicorp.list\napt-get update \u0026\u0026 apt-get install -y nomad\n\n# Enable Docker\nsystemctl enable docker\nsystemctl start docker\n\n# Nomad config directory\nmkdir -p /etc/nomad.d\nmkdir -p /opt/nomad\nchmod a+w /opt/nomad\n\n# Nomad client configuration\ncat \u003c\u003cEOF \u003e /etc/nomad.d/client.hcl\nclient {\n  enabled = true\n  servers = [\"\u003cREPLACE_WITH_SERVER_PRIVATE_IP_1\u003e\", \"\u003cREPLACE_WITH_SERVER_PRIVATE_IP_2\u003e\", \"\u003cREPLACE_WITH_SERVER_PRIVATE_IP_3\u003e\"]\n  options {\n    \"docker.auth.config\" = \"/root/.docker/config.json\"\n  }\n}\n\ndata_dir = \"/opt/nomad\"\nbind_addr = \"0.0.0.0\"\n\nlog_level = \"INFO\"\n\nplugin \"docker\" {\n  config {\n    volumes {\n      enabled = true\n    }\n  }\n}\nEOF\n\n# Run Nomad as a service\ncat \u003c\u003cEOF \u003e /etc/systemd/system/nomad.service\n[Unit]\nDescription=Nomad Client Agent\nRequires=network-online.target\nAfter=network-online.target\n\n[Service]\nExecStart=/usr/bin/nomad agent -config=/etc/nomad.d\nExecReload=/bin/kill -HUP \\$MAINPID\nKillMode=process\nRestart=on-failure\nLimitNOFILE=65536\n\n[Install]\nWantedBy=multi-user.target\nEOF\n\n# Start \u0026 enable Nomad\nsystemctl daemon-reexec\nsystemctl enable nomad\nsystemctl start nomad\n",
            "min_cpu_platform": "",
            "name": "nomad-client-southeastfirst-1",
            "network_interface": [
              {
                "access_config": [],
                "alias_ip_range": [],
                "internal_ipv6_prefix_length": 0,
                "ipv6_access_config": [],
                "ipv6_access_type": "",
                "ipv6_address": "",
                "name": "nic0",
                "network": "https://www.googleapis.com/compute/v1/projects/k1m0ch1/global/networks/basic-nomad-network",
                "network_attachment": "",
                "network_ip": "10.10.1.101",
                "nic_type": "",
                "queue_count": 0,
                "stack_type": "IPV4_ONLY",
                "subnetwork": "https://www.googleapis.com/compute/v1/projects/k1m0ch1/regions/asia-southeast1/subnetworks/nomad-subnet-southeast-first",
                "subnetwork_project": "k1m0ch1"
              }
            ],
            "network_performance_config": [],
            "params": [],
            "project": "k1m0ch1",
            "reservation_affinity": [],
            "resource_policies": [],
            "scheduling": [
              {
                "automatic_restart": true,
                "availability_domain": 0,
                "instance_termination_action": "",
                "local_ssd_recovery_timeout": [],
                "max_run_duration": [],
                "min_node_cpus": 0,
                "node_affinities": [],
                "on_host_maintenance": "MIGRATE",
                "on_instance_stop_action": [],
                "preemptible": false,
                "provisioning_model": "STANDARD",
                "termination_time": ""
              }
            ],
            "scratch_disk": [],
            "self_link": "https://www.googleapis.com/compute/v1/projects/k1m0ch1/zones/asia-southeast1-a/instances/nomad-client-southeastfirst-1",
            "service_account": [],
            "shielded_instance_config": [
              {
                "enable_integrity_monitoring": true,
                "enable_secure_boot": false,
                "enable_vtpm": true
              }
            ],
            "tags": [
              "client",
              "nomad",
              "production"
            ],
            "tags_fingerprint": "Mu-I_EwoWdk=",
            "terraform_labels": {
              "goog-terraform-provisioned": "true"
            },
            "timeouts": null,
            "zone": "asia-southeast1-a"
          },
          "sensitive_attributes": [],
          "private": "eyJlMmJmYjczMC1lY2FhLTExZTYtOGY4OC0zNDM2M2JjN2M0YzAiOnsiY3JlYXRlIjoxMjAwMDAwMDAwMDAwLCJkZWxldGUiOjEyMDAwMDAwMDAwMDAsInVwZGF0ZSI6MTIwMDAwMDAwMDAwMH0sInNjaGVtYV92ZXJzaW9uIjoiNiJ9",
          "dependencies": [
            "google_compute_network.nomad_net",
            "google_compute_subnetwork.nomad_subnet_southeastfirst"
          ]
        },
        {
          "index_key": 1,
          "schema_version": 6,
          "attributes": {
            "advanced_machine_features": [],
            "allow_stopping_for_update": null,
            "attached_disk": [],
            "boot_disk": [
              {
                "auto_delete": true,
                "device_name": "persistent-disk-0",
                "disk_encryption_key_raw": "",
                "disk_encryption_key_rsa": "",
                "disk_encryption_key_sha256": "",
                "disk_encryption_service_account": "",
                "force_attach": false,
                "guest_os_features": [
                  "VIRTIO_SCSI_MULTIQUEUE",
                  "SEV_CAPABLE",
                  "SEV_SNP_CAPABLE",
                  "SEV_LIVE_MIGRATABLE",
                  "SEV_LIVE_MIGRATABLE_V2",
                  "IDPF",
                  "TDX_CAPABLE",
                  "UEFI_COMPATIBLE",
                  "GVNIC"
                ],
                "initialize_params": [
                  {
                    "architecture": "X86_64",
                    "enable_confidential_compute": false,
                    "image": "https://www.googleapis.com/compute/v1/projects/ubuntu-os-cloud/global/images/ubuntu-2204-jammy-v20250508",
                    "labels": {},
                    "provisioned_iops": 0,
                    "provisioned_throughput": 0,
                    "resource_manager_tags": {},
                    "resource_policies": [],
                    "size": 10,
                    "snapshot": "",
                    "source_image_encryption_key": [],
                    "source_snapshot_encryption_key": [],
                    "storage_pool": "",
                    "type": "pd-standard"
                  }
                ],
                "interface": "",
                "kms_key_self_link": "",
                "mode": "READ_WRITE",
                "source": "https://www.googleapis.com/compute/v1/projects/k1m0ch1/zones/asia-southeast1-a/disks/nomad-client-southeastfirst-2"
              }
            ],
            "can_ip_forward": false,
            "confidential_instance_config": [],
            "cpu_platform": "Intel Broadwell",
            "creation_timestamp": "2025-05-21T07:55:35.626-07:00",
            "current_status": "RUNNING",
            "deletion_protection": false,
            "description": "",
            "desired_status": null,
            "effective_labels": {
              "goog-terraform-provisioned": "true"
            },
            "enable_display": false,
            "guest_accelerator": [],
            "hostname": "",
            "id": "projects/k1m0ch1/zones/asia-southeast1-a/instances/nomad-client-southeastfirst-2",
            "instance_encryption_key": [],
            "instance_id": "7429393294485903240",
            "key_revocation_action_type": "",
            "label_fingerprint": "vezUS-42LLM=",
            "labels": {},
            "machine_type": "e2-standard-2",
            "metadata": {},
            "metadata_fingerprint": "BGM7BoV6XwA=",
            "metadata_startup_script": "#!/bin/bash\n\n# Update \u0026 install dependencies\napt-get update -y\napt-get install -y unzip curl gnupg docker.io\n\n# Install Nomad\ncurl -fsSL https://apt.releases.hashicorp.com/gpg | gpg --dearmor -o /usr/share/keyrings/hashicorp.gpg\necho \"deb [signed-by=/usr/share/keyrings/hashicorp.gpg] https://apt.releases.hashicorp.com $(lsb_release -cs) main\" \\\n    \u003e /etc/apt/sources.list.d/hashicorp.list\napt-get update \u0026\u0026 apt-get install -y nomad\n\n# Enable Docker\nsystemctl enable docker\nsystemctl start docker\n\n# Nomad config directory\nmkdir -p /etc/nomad.d\nmkdir -p /opt/nomad\nchmod a+w /opt/nomad\n\n# Nomad client configuration\ncat \u003c\u003cEOF \u003e /etc/nomad.d/client.hcl\nclient {\n  enabled = true\n  servers = [\"\u003cREPLACE_WITH_SERVER_PRIVATE_IP_1\u003e\", \"\u003cREPLACE_WITH_SERVER_PRIVATE_IP_2\u003e\", \"\u003cREPLACE_WITH_SERVER_PRIVATE_IP_3\u003e\"]\n  options {\n    \"docker.auth.config\" = \"/root/.docker/config.json\"\n  }\n}\n\ndata_dir = \"/opt/nomad\"\nbind_addr = \"0.0.0.0\"\n\nlog_level = \"INFO\"\n\nplugin \"docker\" {\n  config {\n    volumes {\n      enabled = true\n    }\n  }\n}\nEOF\n\n# Run Nomad as a service\ncat \u003c\u003cEOF \u003e /etc/systemd/system/nomad.service\n[Unit]\nDescription=Nomad Client Agent\nRequires=network-online.target\nAfter=network-online.target\n\n[Service]\nExecStart=/usr/bin/nomad agent -config=/etc/nomad.d\nExecReload=/bin/kill -HUP \\$MAINPID\nKillMode=process\nRestart=on-failure\nLimitNOFILE=65536\n\n[Install]\nWantedBy=multi-user.target\nEOF\n\n# Start \u0026 enable Nomad\nsystemctl daemon-reexec\nsystemctl enable nomad\nsystemctl start nomad\n",
            "min_cpu_platform": "",
            "name": "nomad-client-southeastfirst-2",
            "network_interface": [
              {
                "access_config": [],
                "alias_ip_range": [],
                "internal_ipv6_prefix_length": 0,
                "ipv6_access_config": [],
                "ipv6_access_type": "",
                "ipv6_address": "",
                "name": "nic0",
                "network": "https://www.googleapis.com/compute/v1/projects/k1m0ch1/global/networks/basic-nomad-network",
                "network_attachment": "",
                "network_ip": "10.10.1.102",
                "nic_type": "",
                "queue_count": 0,
                "stack_type": "IPV4_ONLY",
                "subnetwork": "https://www.googleapis.com/compute/v1/projects/k1m0ch1/regions/asia-southeast1/subnetworks/nomad-subnet-southeast-first",
                "subnetwork_project": "k1m0ch1"
              }
            ],
            "network_performance_config": [],
            "params": [],
            "project": "k1m0ch1",
            "reservation_affinity": [],
            "resource_policies": [],
            "scheduling": [
              {
                "automatic_restart": true,
                "availability_domain": 0,
                "instance_termination_action": "",
                "local_ssd_recovery_timeout": [],
                "max_run_duration": [],
                "min_node_cpus": 0,
                "node_affinities": [],
                "on_host_maintenance": "MIGRATE",
                "on_instance_stop_action": [],
                "preemptible": false,
                "provisioning_model": "STANDARD",
                "termination_time": ""
              }
            ],
            "scratch_disk": [],
            "self_link": "https://www.googleapis.com/compute/v1/projects/k1m0ch1/zones/asia-southeast1-a/instances/nomad-client-southeastfirst-2",
            "service_account": [],
            "shielded_instance_config": [
              {
                "enable_integrity_monitoring": true,
                "enable_secure_boot": false,
                "enable_vtpm": true
              }
            ],
            "tags": [
              "client",
              "nomad",
              "production"
            ],
            "tags_fingerprint": "Mu-I_EwoWdk=",
            "terraform_labels": {
              "goog-terraform-provisioned": "true"
            },
            "timeouts": null,
            "zone": "asia-southeast1-a"
          },
          "sensitive_attributes": [],
          "private": "eyJlMmJmYjczMC1lY2FhLTExZTYtOGY4OC0zNDM2M2JjN2M0YzAiOnsiY3JlYXRlIjoxMjAwMDAwMDAwMDAwLCJkZWxldGUiOjEyMDAwMDAwMDAwMDAsInVwZGF0ZSI6MTIwMDAwMDAwMDAwMH0sInNjaGVtYV92ZXJzaW9uIjoiNiJ9",
          "dependencies": [
            "google_compute_network.nomad_net",
            "google_compute_subnetwork.nomad_subnet_southeastfirst"
          ]
        }
      ]
    },
    {
      "mode": "managed",
      "type": "google_compute_instance",
      "name": "nomad_server_south",
      "provider": "provider[\"registry.terraform.io/hashicorp/google\"]",
      "instances": [
        {
          "index_key": 0,
          "schema_version": 6,
          "attributes": {
            "advanced_machine_features": [],
            "allow_stopping_for_update": null,
            "attached_disk": [],
            "boot_disk": [
              {
                "auto_delete": true,
                "device_name": "persistent-disk-0",
                "disk_encryption_key_raw": "",
                "disk_encryption_key_rsa": "",
                "disk_encryption_key_sha256": "",
                "disk_encryption_service_account": "",
                "force_attach": false,
                "guest_os_features": [
                  "VIRTIO_SCSI_MULTIQUEUE",
                  "SEV_CAPABLE",
                  "SEV_SNP_CAPABLE",
                  "SEV_LIVE_MIGRATABLE",
                  "SEV_LIVE_MIGRATABLE_V2",
                  "IDPF",
                  "TDX_CAPABLE",
                  "UEFI_COMPATIBLE",
                  "GVNIC"
                ],
                "initialize_params": [
                  {
                    "architecture": "X86_64",
                    "enable_confidential_compute": false,
                    "image": "https://www.googleapis.com/compute/v1/projects/ubuntu-os-cloud/global/images/ubuntu-2204-jammy-v20250508",
                    "labels": {},
                    "provisioned_iops": 0,
                    "provisioned_throughput": 0,
                    "resource_manager_tags": {},
                    "resource_policies": [],
                    "size": 10,
                    "snapshot": "",
                    "source_image_encryption_key": [],
                    "source_snapshot_encryption_key": [],
                    "storage_pool": "",
                    "type": "pd-standard"
                  }
                ],
                "interface": "",
                "kms_key_self_link": "",
                "mode": "READ_WRITE",
                "source": "https://www.googleapis.com/compute/v1/projects/k1m0ch1/zones/asia-south1-a/disks/nomad-server-south-1"
              }
            ],
            "can_ip_forward": false,
            "confidential_instance_config": [],
            "cpu_platform": "Intel Broadwell",
            "creation_timestamp": "2025-05-21T07:55:46.472-07:00",
            "current_status": "RUNNING",
            "deletion_protection": false,
            "description": "",
            "desired_status": null,
            "effective_labels": {
              "goog-terraform-provisioned": "true"
            },
            "enable_display": false,
            "guest_accelerator": [],
            "hostname": "",
            "id": "projects/k1m0ch1/zones/asia-south1-a/instances/nomad-server-south-1",
            "instance_encryption_key": [],
            "instance_id": "3682655213493180318",
            "key_revocation_action_type": "",
            "label_fingerprint": "vezUS-42LLM=",
            "labels": {},
            "machine_type": "e2-medium",
            "metadata": {},
            "metadata_fingerprint": "pOcRxvk6A3U=",
            "metadata_startup_script": "#!/bin/bash\napt update -y\napt install unzip curl -y\ncurl -fsSL https://apt.releases.hashicorp.com/gpg | gpg --dearmor -o /usr/share/keyrings/hashicorp-archive-keyring.gpg\necho \"deb [signed-by=/usr/share/keyrings/hashicorp-archive-keyring.gpg] https://apt.releases.hashicorp.com $(lsb_release -cs) main\" \\\n  \u003e /etc/apt/sources.list.d/hashicorp.list\napt update -y\napt install nomad docker.io -y\n\nmkdir -p /opt/nomad\ncat \u003c\u003cEOF \u003e /etc/nomad.d/server.hcl\nserver {\n  enabled = true\n  bootstrap_expect = 3\n}\ndata_dir = \"/opt/nomad\"\nbind_addr = \"0.0.0.0\"\nEOF\n\nnomad agent -config=/etc/nomad.d/server.hcl \u003e /var/log/nomad.log 2\u003e\u00261 \u0026\n",
            "min_cpu_platform": "",
            "name": "nomad-server-south-1",
            "network_interface": [
              {
                "access_config": [],
                "alias_ip_range": [],
                "internal_ipv6_prefix_length": 0,
                "ipv6_access_config": [],
                "ipv6_access_type": "",
                "ipv6_address": "",
                "name": "nic0",
                "network": "https://www.googleapis.com/compute/v1/projects/k1m0ch1/global/networks/basic-nomad-network",
                "network_attachment": "",
                "network_ip": "10.10.3.11",
                "nic_type": "",
                "queue_count": 0,
                "stack_type": "IPV4_ONLY",
                "subnetwork": "https://www.googleapis.com/compute/v1/projects/k1m0ch1/regions/asia-south1/subnetworks/nomad-subnet-south",
                "subnetwork_project": "k1m0ch1"
              }
            ],
            "network_performance_config": [],
            "params": [],
            "project": "k1m0ch1",
            "reservation_affinity": [],
            "resource_policies": [],
            "scheduling": [
              {
                "automatic_restart": true,
                "availability_domain": 0,
                "instance_termination_action": "",
                "local_ssd_recovery_timeout": [],
                "max_run_duration": [],
                "min_node_cpus": 0,
                "node_affinities": [],
                "on_host_maintenance": "MIGRATE",
                "on_instance_stop_action": [],
                "preemptible": false,
                "provisioning_model": "STANDARD",
                "termination_time": ""
              }
            ],
            "scratch_disk": [],
            "self_link": "https://www.googleapis.com/compute/v1/projects/k1m0ch1/zones/asia-south1-a/instances/nomad-server-south-1",
            "service_account": [],
            "shielded_instance_config": [
              {
                "enable_integrity_monitoring": true,
                "enable_secure_boot": false,
                "enable_vtpm": true
              }
            ],
            "tags": [
              "nomad",
              "production",
              "server"
            ],
            "tags_fingerprint": "o3OALAJ77S4=",
            "terraform_labels": {
              "goog-terraform-provisioned": "true"
            },
            "timeouts": null,
            "zone": "asia-south1-a"
          },
          "sensitive_attributes": [],
          "private": "eyJlMmJmYjczMC1lY2FhLTExZTYtOGY4OC0zNDM2M2JjN2M0YzAiOnsiY3JlYXRlIjoxMjAwMDAwMDAwMDAwLCJkZWxldGUiOjEyMDAwMDAwMDAwMDAsInVwZGF0ZSI6MTIwMDAwMDAwMDAwMH0sInNjaGVtYV92ZXJzaW9uIjoiNiJ9",
          "dependencies": [
            "google_compute_network.nomad_net",
            "google_compute_subnetwork.nomad_subnet_south"
          ]
        }
      ]
    },
    {
      "mode": "managed",
      "type": "google_compute_instance",
      "name": "nomad_server_southeastfirst",
      "provider": "provider[\"registry.terraform.io/hashicorp/google\"]",
      "instances": [
        {
          "index_key": 0,
          "schema_version": 6,
          "attributes": {
            "advanced_machine_features": [],
            "allow_stopping_for_update": null,
            "attached_disk": [],
            "boot_disk": [
              {
                "auto_delete": true,
                "device_name": "persistent-disk-0",
                "disk_encryption_key_raw": "",
                "disk_encryption_key_rsa": "",
                "disk_encryption_key_sha256": "",
                "disk_encryption_service_account": "",
                "force_attach": false,
                "guest_os_features": [
                  "VIRTIO_SCSI_MULTIQUEUE",
                  "SEV_CAPABLE",
                  "SEV_SNP_CAPABLE",
                  "SEV_LIVE_MIGRATABLE",
                  "SEV_LIVE_MIGRATABLE_V2",
                  "IDPF",
                  "TDX_CAPABLE",
                  "UEFI_COMPATIBLE",
                  "GVNIC"
                ],
                "initialize_params": [
                  {
                    "architecture": "X86_64",
                    "enable_confidential_compute": false,
                    "image": "https://www.googleapis.com/compute/v1/projects/ubuntu-os-cloud/global/images/ubuntu-2204-jammy-v20250508",
                    "labels": {},
                    "provisioned_iops": 0,
                    "provisioned_throughput": 0,
                    "resource_manager_tags": {},
                    "resource_policies": [],
                    "size": 10,
                    "snapshot": "",
                    "source_image_encryption_key": [],
                    "source_snapshot_encryption_key": [],
                    "storage_pool": "",
                    "type": "pd-standard"
                  }
                ],
                "interface": "",
                "kms_key_self_link": "",
                "mode": "READ_WRITE",
                "source": "https://www.googleapis.com/compute/v1/projects/k1m0ch1/zones/asia-southeast1-a/disks/nomad-server-southeastfirst-1"
              }
            ],
            "can_ip_forward": false,
            "confidential_instance_config": [],
            "cpu_platform": "Intel Broadwell",
            "creation_timestamp": "2025-05-21T07:55:33.824-07:00",
            "current_status": "RUNNING",
            "deletion_protection": false,
            "description": "",
            "desired_status": null,
            "effective_labels": {
              "goog-terraform-provisioned": "true"
            },
            "enable_display": false,
            "guest_accelerator": [],
            "hostname": "",
            "id": "projects/k1m0ch1/zones/asia-southeast1-a/instances/nomad-server-southeastfirst-1",
            "instance_encryption_key": [],
            "instance_id": "8977161145592862602",
            "key_revocation_action_type": "",
            "label_fingerprint": "vezUS-42LLM=",
            "labels": {},
            "machine_type": "e2-medium",
            "metadata": {},
            "metadata_fingerprint": "pOcRxvk6A3U=",
            "metadata_startup_script": "#!/bin/bash\napt update -y\napt install unzip curl -y\ncurl -fsSL https://apt.releases.hashicorp.com/gpg | gpg --dearmor -o /usr/share/keyrings/hashicorp-archive-keyring.gpg\necho \"deb [signed-by=/usr/share/keyrings/hashicorp-archive-keyring.gpg] https://apt.releases.hashicorp.com $(lsb_release -cs) main\" \\\n  \u003e /etc/apt/sources.list.d/hashicorp.list\napt update -y\napt install nomad docker.io -y\n\nmkdir -p /opt/nomad\ncat \u003c\u003cEOF \u003e /etc/nomad.d/server.hcl\nserver {\n  enabled = true\n  bootstrap_expect = 3\n}\ndata_dir = \"/opt/nomad\"\nbind_addr = \"0.0.0.0\"\nEOF\n\nnomad agent -config=/etc/nomad.d/server.hcl \u003e /var/log/nomad.log 2\u003e\u00261 \u0026\n",
            "min_cpu_platform": "",
            "name": "nomad-server-southeastfirst-1",
            "network_interface": [
              {
                "access_config": [],
                "alias_ip_range": [],
                "internal_ipv6_prefix_length": 0,
                "ipv6_access_config": [],
                "ipv6_access_type": "",
                "ipv6_address": "",
                "name": "nic0",
                "network": "https://www.googleapis.com/compute/v1/projects/k1m0ch1/global/networks/basic-nomad-network",
                "network_attachment": "",
                "network_ip": "10.10.1.11",
                "nic_type": "",
                "queue_count": 0,
                "stack_type": "IPV4_ONLY",
                "subnetwork": "https://www.googleapis.com/compute/v1/projects/k1m0ch1/regions/asia-southeast1/subnetworks/nomad-subnet-southeast-first",
                "subnetwork_project": "k1m0ch1"
              }
            ],
            "network_performance_config": [],
            "params": [],
            "project": "k1m0ch1",
            "reservation_affinity": [],
            "resource_policies": [],
            "scheduling": [
              {
                "automatic_restart": true,
                "availability_domain": 0,
                "instance_termination_action": "",
                "local_ssd_recovery_timeout": [],
                "max_run_duration": [],
                "min_node_cpus": 0,
                "node_affinities": [],
                "on_host_maintenance": "MIGRATE",
                "on_instance_stop_action": [],
                "preemptible": false,
                "provisioning_model": "STANDARD",
                "termination_time": ""
              }
            ],
            "scratch_disk": [],
            "self_link": "https://www.googleapis.com/compute/v1/projects/k1m0ch1/zones/asia-southeast1-a/instances/nomad-server-southeastfirst-1",
            "service_account": [],
            "shielded_instance_config": [
              {
                "enable_integrity_monitoring": true,
                "enable_secure_boot": false,
                "enable_vtpm": true
              }
            ],
            "tags": [
              "nomad",
              "production",
              "server"
            ],
            "tags_fingerprint": "o3OALAJ77S4=",
            "terraform_labels": {
              "goog-terraform-provisioned": "true"
            },
            "timeouts": null,
            "zone": "asia-southeast1-a"
          },
          "sensitive_attributes": [],
          "private": "eyJlMmJmYjczMC1lY2FhLTExZTYtOGY4OC0zNDM2M2JjN2M0YzAiOnsiY3JlYXRlIjoxMjAwMDAwMDAwMDAwLCJkZWxldGUiOjEyMDAwMDAwMDAwMDAsInVwZGF0ZSI6MTIwMDAwMDAwMDAwMH0sInNjaGVtYV92ZXJzaW9uIjoiNiJ9",
          "dependencies": [
            "google_compute_network.nomad_net",
            "google_compute_subnetwork.nomad_subnet_southeastfirst"
          ]
        }
      ]
    },
    {
      "mode": "managed",
      "type": "google_compute_instance",
      "name": "nomad_server_southeastsecond",
      "provider": "provider[\"registry.terraform.io/hashicorp/google\"]",
      "instances": [
        {
          "index_key": 0,
          "schema_version": 6,
          "attributes": {
            "advanced_machine_features": [],
            "allow_stopping_for_update": null,
            "attached_disk": [],
            "boot_disk": [
              {
                "auto_delete": true,
                "device_name": "persistent-disk-0",
                "disk_encryption_key_raw": "",
                "disk_encryption_key_rsa": "",
                "disk_encryption_key_sha256": "",
                "disk_encryption_service_account": "",
                "force_attach": false,
                "guest_os_features": [
                  "VIRTIO_SCSI_MULTIQUEUE",
                  "SEV_CAPABLE",
                  "SEV_SNP_CAPABLE",
                  "SEV_LIVE_MIGRATABLE",
                  "SEV_LIVE_MIGRATABLE_V2",
                  "IDPF",
                  "TDX_CAPABLE",
                  "UEFI_COMPATIBLE",
                  "GVNIC"
                ],
                "initialize_params": [
                  {
                    "architecture": "X86_64",
                    "enable_confidential_compute": false,
                    "image": "https://www.googleapis.com/compute/v1/projects/ubuntu-os-cloud/global/images/ubuntu-2204-jammy-v20250508",
                    "labels": {},
                    "provisioned_iops": 0,
                    "provisioned_throughput": 0,
                    "resource_manager_tags": {},
                    "resource_policies": [],
                    "size": 10,
                    "snapshot": "",
                    "source_image_encryption_key": [],
                    "source_snapshot_encryption_key": [],
                    "storage_pool": "",
                    "type": "pd-standard"
                  }
                ],
                "interface": "",
                "kms_key_self_link": "",
                "mode": "READ_WRITE",
                "source": "https://www.googleapis.com/compute/v1/projects/k1m0ch1/zones/asia-southeast2-a/disks/nomad-server-southeastsecond-1"
              }
            ],
            "can_ip_forward": false,
            "confidential_instance_config": [],
            "cpu_platform": "AMD Rome",
            "creation_timestamp": "2025-05-21T07:55:33.051-07:00",
            "current_status": "RUNNING",
            "deletion_protection": false,
            "description": "",
            "desired_status": null,
            "effective_labels": {
              "goog-terraform-provisioned": "true"
            },
            "enable_display": false,
            "guest_accelerator": [],
            "hostname": "",
            "id": "projects/k1m0ch1/zones/asia-southeast2-a/instances/nomad-server-southeastsecond-1",
            "instance_encryption_key": [],
            "instance_id": "6439199433480492939",
            "key_revocation_action_type": "",
            "label_fingerprint": "vezUS-42LLM=",
            "labels": {},
            "machine_type": "e2-medium",
            "metadata": {},
            "metadata_fingerprint": "pOcRxvk6A3U=",
            "metadata_startup_script": "#!/bin/bash\napt update -y\napt install unzip curl -y\ncurl -fsSL https://apt.releases.hashicorp.com/gpg | gpg --dearmor -o /usr/share/keyrings/hashicorp-archive-keyring.gpg\necho \"deb [signed-by=/usr/share/keyrings/hashicorp-archive-keyring.gpg] https://apt.releases.hashicorp.com $(lsb_release -cs) main\" \\\n  \u003e /etc/apt/sources.list.d/hashicorp.list\napt update -y\napt install nomad docker.io -y\n\nmkdir -p /opt/nomad\ncat \u003c\u003cEOF \u003e /etc/nomad.d/server.hcl\nserver {\n  enabled = true\n  bootstrap_expect = 3\n}\ndata_dir = \"/opt/nomad\"\nbind_addr = \"0.0.0.0\"\nEOF\n\nnomad agent -config=/etc/nomad.d/server.hcl \u003e /var/log/nomad.log 2\u003e\u00261 \u0026\n",
            "min_cpu_platform": "",
            "name": "nomad-server-southeastsecond-1",
            "network_interface": [
              {
                "access_config": [],
                "alias_ip_range": [],
                "internal_ipv6_prefix_length": 0,
                "ipv6_access_config": [],
                "ipv6_access_type": "",
                "ipv6_address": "",
                "name": "nic0",
                "network": "https://www.googleapis.com/compute/v1/projects/k1m0ch1/global/networks/basic-nomad-network",
                "network_attachment": "",
                "network_ip": "10.10.2.11",
                "nic_type": "",
                "queue_count": 0,
                "stack_type": "IPV4_ONLY",
                "subnetwork": "https://www.googleapis.com/compute/v1/projects/k1m0ch1/regions/asia-southeast2/subnetworks/nomad-subnet-southest-second",
                "subnetwork_project": "k1m0ch1"
              }
            ],
            "network_performance_config": [],
            "params": [],
            "project": "k1m0ch1",
            "reservation_affinity": [],
            "resource_policies": [],
            "scheduling": [
              {
                "automatic_restart": true,
                "availability_domain": 0,
                "instance_termination_action": "",
                "local_ssd_recovery_timeout": [],
                "max_run_duration": [],
                "min_node_cpus": 0,
                "node_affinities": [],
                "on_host_maintenance": "MIGRATE",
                "on_instance_stop_action": [],
                "preemptible": false,
                "provisioning_model": "STANDARD",
                "termination_time": ""
              }
            ],
            "scratch_disk": [],
            "self_link": "https://www.googleapis.com/compute/v1/projects/k1m0ch1/zones/asia-southeast2-a/instances/nomad-server-southeastsecond-1",
            "service_account": [],
            "shielded_instance_config": [
              {
                "enable_integrity_monitoring": true,
                "enable_secure_boot": false,
                "enable_vtpm": true
              }
            ],
            "tags": [
              "nomad",
              "production",
              "server"
            ],
            "tags_fingerprint": "o3OALAJ77S4=",
            "terraform_labels": {
              "goog-terraform-provisioned": "true"
            },
            "timeouts": null,
            "zone": "asia-southeast2-a"
          },
          "sensitive_attributes": [],
          "private": "eyJlMmJmYjczMC1lY2FhLTExZTYtOGY4OC0zNDM2M2JjN2M0YzAiOnsiY3JlYXRlIjoxMjAwMDAwMDAwMDAwLCJkZWxldGUiOjEyMDAwMDAwMDAwMDAsInVwZGF0ZSI6MTIwMDAwMDAwMDAwMH0sInNjaGVtYV92ZXJzaW9uIjoiNiJ9",
          "dependencies": [
            "google_compute_network.nomad_net",
            "google_compute_subnetwork.nomad_subnet_southeastsecond"
          ]
        }
      ]
    },
    {
      "mode": "managed",
      "type": "google_compute_instance",
      "name": "vpn",
      "provider": "provider[\"registry.terraform.io/hashicorp/google\"]",
      "instances": [
        {
          "schema_version": 6,
          "attributes": {
            "advanced_machine_features": [],
            "allow_stopping_for_update": null,
            "attached_disk": [],
            "boot_disk": [
              {
                "auto_delete": true,
                "device_name": "persistent-disk-0",
                "disk_encryption_key_raw": "",
                "disk_encryption_key_rsa": "",
                "disk_encryption_key_sha256": "",
                "disk_encryption_service_account": "",
                "force_attach": false,
                "guest_os_features": [
                  "VIRTIO_SCSI_MULTIQUEUE",
                  "SEV_CAPABLE",
                  "SEV_SNP_CAPABLE",
                  "SEV_LIVE_MIGRATABLE",
                  "SEV_LIVE_MIGRATABLE_V2",
                  "IDPF",
                  "TDX_CAPABLE",
                  "UEFI_COMPATIBLE",
                  "GVNIC"
                ],
                "initialize_params": [
                  {
                    "architecture": "X86_64",
                    "enable_confidential_compute": false,
                    "image": "https://www.googleapis.com/compute/v1/projects/ubuntu-os-cloud/global/images/ubuntu-2204-jammy-v20250508",
                    "labels": {},
                    "provisioned_iops": 0,
                    "provisioned_throughput": 0,
                    "resource_manager_tags": {},
                    "resource_policies": [],
                    "size": 10,
                    "snapshot": "",
                    "source_image_encryption_key": [],
                    "source_snapshot_encryption_key": [],
                    "storage_pool": "",
                    "type": "pd-standard"
                  }
                ],
                "interface": "",
                "kms_key_self_link": "",
                "mode": "READ_WRITE",
                "source": "https://www.googleapis.com/compute/v1/projects/k1m0ch1/zones/asia-southeast1-a/disks/vpn-server"
              }
            ],
            "can_ip_forward": false,
            "confidential_instance_config": [],
            "cpu_platform": "Intel Broadwell",
            "creation_timestamp": "2025-05-21T07:55:35.258-07:00",
            "current_status": "RUNNING",
            "deletion_protection": false,
            "description": "",
            "desired_status": null,
            "effective_labels": {
              "goog-terraform-provisioned": "true"
            },
            "enable_display": false,
            "guest_accelerator": [],
            "hostname": "",
            "id": "projects/k1m0ch1/zones/asia-southeast1-a/instances/vpn-server",
            "instance_encryption_key": [],
            "instance_id": "3005146636767745929",
            "key_revocation_action_type": "",
            "label_fingerprint": "vezUS-42LLM=",
            "labels": {},
            "machine_type": "e2-micro",
            "metadata": {},
            "metadata_fingerprint": "DfGXAjplVY8=",
            "metadata_startup_script": "#!/bin/bash\n\n# Update \u0026 install WireGuard\napt update -y\napt install -y wireguard qrencode\n\n# Enable IP forwarding\necho \"net.ipv4.ip_forward=1\" \u003e\u003e /etc/sysctl.conf\necho \"net.ipv6.conf.all.forwarding=1\" \u003e\u003e /etc/sysctl.conf\nsysctl -p\n\n# Create config directory\nWG_DIR=\"/etc/wireguard\"\nmkdir -p $WG_DIR\ncd $WG_DIR\n\n# Generate server keys\numask 077\nwg genkey | tee server.key | wg pubkey \u003e server.pub\n\nPRIVATE_KEY=$(cat server.key)\n\n# Server config\ncat \u003c\u003cEOF \u003e wg0.conf\n[Interface]\nPrivateKey = $PRIVATE_KEY\nAddress = 10.10.1.1/24\nListenPort = 51820\nSaveConfig = true\n\n# NAT to internet\nPostUp = iptables -t nat -A POSTROUTING -o ens4 -j MASQUERADE\nPostDown = iptables -t nat -D POSTROUTING -o ens4 -j MASQUERADE\nEOF\n\n# Enable and start service\nsystemctl enable wg-quick@wg0\nsystemctl start wg-quick@wg0\n",
            "min_cpu_platform": "",
            "name": "vpn-server",
            "network_interface": [
              {
                "access_config": [
                  {
                    "nat_ip": "34.142.188.176",
                    "network_tier": "PREMIUM",
                    "public_ptr_domain_name": ""
                  }
                ],
                "alias_ip_range": [],
                "internal_ipv6_prefix_length": 0,
                "ipv6_access_config": [],
                "ipv6_access_type": "",
                "ipv6_address": "",
                "name": "nic0",
                "network": "https://www.googleapis.com/compute/v1/projects/k1m0ch1/global/networks/basic-nomad-network",
                "network_attachment": "",
                "network_ip": "10.10.1.200",
                "nic_type": "",
                "queue_count": 0,
                "stack_type": "IPV4_ONLY",
                "subnetwork": "https://www.googleapis.com/compute/v1/projects/k1m0ch1/regions/asia-southeast1/subnetworks/nomad-subnet-southeast-first",
                "subnetwork_project": "k1m0ch1"
              }
            ],
            "network_performance_config": [],
            "params": [],
            "project": "k1m0ch1",
            "reservation_affinity": [],
            "resource_policies": [],
            "scheduling": [
              {
                "automatic_restart": true,
                "availability_domain": 0,
                "instance_termination_action": "",
                "local_ssd_recovery_timeout": [],
                "max_run_duration": [],
                "min_node_cpus": 0,
                "node_affinities": [],
                "on_host_maintenance": "MIGRATE",
                "on_instance_stop_action": [],
                "preemptible": false,
                "provisioning_model": "STANDARD",
                "termination_time": ""
              }
            ],
            "scratch_disk": [],
            "self_link": "https://www.googleapis.com/compute/v1/projects/k1m0ch1/zones/asia-southeast1-a/instances/vpn-server",
            "service_account": [],
            "shielded_instance_config": [
              {
                "enable_integrity_monitoring": true,
                "enable_secure_boot": false,
                "enable_vtpm": true
              }
            ],
            "tags": [
              "vpn"
            ],
            "tags_fingerprint": "s78FYhaXW7M=",
            "terraform_labels": {
              "goog-terraform-provisioned": "true"
            },
            "timeouts": null,
            "zone": "asia-southeast1-a"
          },
          "sensitive_attributes": [],
          "private": "eyJlMmJmYjczMC1lY2FhLTExZTYtOGY4OC0zNDM2M2JjN2M0YzAiOnsiY3JlYXRlIjoxMjAwMDAwMDAwMDAwLCJkZWxldGUiOjEyMDAwMDAwMDAwMDAsInVwZGF0ZSI6MTIwMDAwMDAwMDAwMH0sInNjaGVtYV92ZXJzaW9uIjoiNiJ9",
          "dependencies": [
            "google_compute_network.nomad_net",
            "google_compute_subnetwork.nomad_subnet_southeastfirst"
          ]
        }
      ]
    },
    {
      "mode": "managed",
      "type": "google_compute_network",
      "name": "nomad_net",
      "provider": "provider[\"registry.terraform.io/hashicorp/google\"]",
      "instances": [
        {
          "schema_version": 0,
          "attributes": {
            "auto_create_subnetworks": true,
            "bgp_always_compare_med": false,
            "bgp_best_path_selection_mode": "LEGACY",
            "bgp_inter_region_cost": "",
            "delete_default_routes_on_create": false,
            "description": "",
            "enable_ula_internal_ipv6": false,
            "gateway_ipv4": "",
            "id": "projects/k1m0ch1/global/networks/basic-nomad-network",
            "internal_ipv6_range": "",
            "mtu": 0,
            "name": "basic-nomad-network",
            "network_firewall_policy_enforcement_order": "AFTER_CLASSIC_FIREWALL",
            "network_id": "536386777758324686",
            "network_profile": "",
            "numeric_id": "536386777758324686",
            "project": "k1m0ch1",
            "routing_mode": "REGIONAL",
            "self_link": "https://www.googleapis.com/compute/v1/projects/k1m0ch1/global/networks/basic-nomad-network",
            "timeouts": null
          },
          "sensitive_attributes": [],
          "private": "eyJlMmJmYjczMC1lY2FhLTExZTYtOGY4OC0zNDM2M2JjN2M0YzAiOnsiY3JlYXRlIjoxMjAwMDAwMDAwMDAwLCJkZWxldGUiOjEyMDAwMDAwMDAwMDAsInVwZGF0ZSI6MTIwMDAwMDAwMDAwMH19"
        }
      ]
    },
    {
      "mode": "managed",
      "type": "google_compute_subnetwork",
      "name": "nomad_subnet_south",
      "provider": "provider[\"registry.terraform.io/hashicorp/google\"]",
      "instances": [
        {
          "schema_version": 0,
          "attributes": {
            "creation_timestamp": "2025-05-21T07:55:11.435-07:00",
            "description": "",
            "enable_flow_logs": false,
            "external_ipv6_prefix": "",
            "fingerprint": null,
            "gateway_address": "10.10.3.1",
            "id": "projects/k1m0ch1/regions/asia-south1/subnetworks/nomad-subnet-south",
            "internal_ipv6_prefix": "",
            "ip_cidr_range": "10.10.3.0/24",
            "ip_collection": null,
            "ipv6_access_type": "",
            "ipv6_cidr_range": "",
            "ipv6_gce_endpoint": "",
            "log_config": [],
            "name": "nomad-subnet-south",
            "network": "https://www.googleapis.com/compute/v1/projects/k1m0ch1/global/networks/basic-nomad-network",
            "private_ip_google_access": false,
            "private_ipv6_google_access": "DISABLE_GOOGLE_ACCESS",
            "project": "k1m0ch1",
            "purpose": "PRIVATE",
            "region": "asia-south1",
            "reserved_internal_range": "",
            "role": "",
            "secondary_ip_range": [],
            "self_link": "https://www.googleapis.com/compute/v1/projects/k1m0ch1/regions/asia-south1/subnetworks/nomad-subnet-south",
            "send_secondary_ip_range_if_empty": null,
            "stack_type": "IPV4_ONLY",
            "state": "",
            "subnetwork_id": 4469087742847899552,
            "timeouts": null
          },
          "sensitive_attributes": [],
          "private": "eyJlMmJmYjczMC1lY2FhLTExZTYtOGY4OC0zNDM2M2JjN2M0YzAiOnsiY3JlYXRlIjoxMjAwMDAwMDAwMDAwLCJkZWxldGUiOjEyMDAwMDAwMDAwMDAsInVwZGF0ZSI6MTIwMDAwMDAwMDAwMH19",
          "dependencies": [
            "google_compute_network.nomad_net"
          ]
        }
      ]
    },
    {
      "mode": "managed",
      "type": "google_compute_subnetwork",
      "name": "nomad_subnet_southeastfirst",
      "provider": "provider[\"registry.terraform.io/hashicorp/google\"]",
      "instances": [
        {
          "schema_version": 0,
          "attributes": {
            "creation_timestamp": "2025-05-21T07:55:09.739-07:00",
            "description": "",
            "enable_flow_logs": false,
            "external_ipv6_prefix": "",
            "fingerprint": null,
            "gateway_address": "10.10.1.1",
            "id": "projects/k1m0ch1/regions/asia-southeast1/subnetworks/nomad-subnet-southeast-first",
            "internal_ipv6_prefix": "",
            "ip_cidr_range": "10.10.1.0/24",
            "ip_collection": null,
            "ipv6_access_type": "",
            "ipv6_cidr_range": "",
            "ipv6_gce_endpoint": "",
            "log_config": [],
            "name": "nomad-subnet-southeast-first",
            "network": "https://www.googleapis.com/compute/v1/projects/k1m0ch1/global/networks/basic-nomad-network",
            "private_ip_google_access": false,
            "private_ipv6_google_access": "DISABLE_GOOGLE_ACCESS",
            "project": "k1m0ch1",
            "purpose": "PRIVATE",
            "region": "asia-southeast1",
            "reserved_internal_range": "",
            "role": "",
            "secondary_ip_range": [],
            "self_link": "https://www.googleapis.com/compute/v1/projects/k1m0ch1/regions/asia-southeast1/subnetworks/nomad-subnet-southeast-first",
            "send_secondary_ip_range_if_empty": null,
            "stack_type": "IPV4_ONLY",
            "state": "",
            "subnetwork_id": 2157618511160039330,
            "timeouts": null
          },
          "sensitive_attributes": [],
          "private": "eyJlMmJmYjczMC1lY2FhLTExZTYtOGY4OC0zNDM2M2JjN2M0YzAiOnsiY3JlYXRlIjoxMjAwMDAwMDAwMDAwLCJkZWxldGUiOjEyMDAwMDAwMDAwMDAsInVwZGF0ZSI6MTIwMDAwMDAwMDAwMH19",
          "dependencies": [
            "google_compute_network.nomad_net"
          ]
        }
      ]
    },
    {
      "mode": "managed",
      "type": "google_compute_subnetwork",
      "name": "nomad_subnet_southeastsecond",
      "provider": "provider[\"registry.terraform.io/hashicorp/google\"]",
      "instances": [
        {
          "schema_version": 0,
          "attributes": {
            "creation_timestamp": "2025-05-21T07:55:09.799-07:00",
            "description": "",
            "enable_flow_logs": false,
            "external_ipv6_prefix": "",
            "fingerprint": null,
            "gateway_address": "10.10.2.1",
            "id": "projects/k1m0ch1/regions/asia-southeast2/subnetworks/nomad-subnet-southest-second",
            "internal_ipv6_prefix": "",
            "ip_cidr_range": "10.10.2.0/24",
            "ip_collection": null,
            "ipv6_access_type": "",
            "ipv6_cidr_range": "",
            "ipv6_gce_endpoint": "",
            "log_config": [],
            "name": "nomad-subnet-southest-second",
            "network": "https://www.googleapis.com/compute/v1/projects/k1m0ch1/global/networks/basic-nomad-network",
            "private_ip_google_access": false,
            "private_ipv6_google_access": "DISABLE_GOOGLE_ACCESS",
            "project": "k1m0ch1",
            "purpose": "PRIVATE",
            "region": "asia-southeast2",
            "reserved_internal_range": "",
            "role": "",
            "secondary_ip_range": [],
            "self_link": "https://www.googleapis.com/compute/v1/projects/k1m0ch1/regions/asia-southeast2/subnetworks/nomad-subnet-southest-second",
            "send_secondary_ip_range_if_empty": null,
            "stack_type": "IPV4_ONLY",
            "state": "",
            "subnetwork_id": 7039680030904965026,
            "timeouts": null
          },
          "sensitive_attributes": [],
          "private": "eyJlMmJmYjczMC1lY2FhLTExZTYtOGY4OC0zNDM2M2JjN2M0YzAiOnsiY3JlYXRlIjoxMjAwMDAwMDAwMDAwLCJkZWxldGUiOjEyMDAwMDAwMDAwMDAsInVwZGF0ZSI6MTIwMDAwMDAwMDAwMH19",
          "dependencies": [
            "google_compute_network.nomad_net"
          ]
        }
      ]
    }
  ],
  "check_results": null
}
